{
  "name": "php",
  "lockfileVersion": 2,
  "requires": true,
  "packages": {
    "": {
      "dependencies": {
        "@tolgee/core": "^1.0.0-alpha.36",
        "@tolgee/ui": "^1.0.0-alpha.36"
      }
    },
    "node_modules/@tolgee/core": {
      "version": "1.0.0-alpha.36",
      "resolved": "https://registry.npmjs.org/@tolgee/core/-/core-1.0.0-alpha.36.tgz",
      "integrity": "sha512-lKEsbj0gB8QS4lhKo+c4KKIIQGM05q344NJCa0YmXIydwa7BHuSHAJV2UUs2PSvemTirHFzV6ytbv8watWacRQ=="
    },
    "node_modules/@tolgee/ui": {
      "version": "1.0.0-alpha.36",
      "resolved": "https://registry.npmjs.org/@tolgee/ui/-/ui-1.0.0-alpha.36.tgz",
      "integrity": "sha512-Kv3BBRKOnvrOc9F4J7bnpCJ+IEAVsw9BZqZG78RyteaD5u9QRuMWE8W/TrF1jYSs4iyn4Lb3qKISLmJygFzrzQ==",
      "peerDependencies": {
        "@tolgee/core": "^1.0.0-alpha.32"
      }
    }
  },
  "dependencies": {
    "@tolgee/core": {
      "version": "1.0.0-alpha.36",
      "resolved": "https://registry.npmjs.org/@tolgee/core/-/core-1.0.0-alpha.36.tgz",
      "integrity": "sha512-lKEsbj0gB8QS4lhKo+c4KKIIQGM05q344NJCa0YmXIydwa7BHuSHAJV2UUs2PSvemTirHFzV6ytbv8watWacRQ=="
    },
    "@tolgee/ui": {
      "version": "1.0.0-alpha.36",
      "resolved": "https://registry.npmjs.org/@tolgee/ui/-/ui-1.0.0-alpha.36.tgz",
      "integrity": "sha512-Kv3BBRKOnvrOc9F4J7bnpCJ+IEAVsw9BZqZG78RyteaD5u9QRuMWE8W/TrF1jYSs4iyn4Lb3qKISLmJygFzrzQ==",
      "requires": {}
    }
  }
}
